{
  "version": 4,
  "terraform_version": "1.4.0",
  "serial": 79,
  "lineage": "afcb23c5-a07b-1552-72e2-dd2bdc24f86b",
  "outputs": {},
  "resources": [
    {
      "mode": "managed",
      "type": "aws_eks_cluster",
      "name": "happystays-eks-cluster",
      "provider": "provider[\"registry.terraform.io/hashicorp/aws\"]",
      "instances": [
        {
          "schema_version": 0,
          "attributes": {
            "arn": "arn:aws:eks:ap-south-1:306472407007:cluster/happystays-eks-cluster",
            "certificate_authority": [
              {
                "data": "LS0tLS1CRUdJTiBDRVJUSUZJQ0FURS0tLS0tCk1JSUMvakNDQWVhZ0F3SUJBZ0lCQURBTkJna3Foa2lHOXcwQkFRc0ZBREFWTVJNd0VRWURWUVFERXdwcmRXSmwKY201bGRHVnpNQjRYRFRJek1EUXdOekExTWpVME1Wb1hEVE16TURRd05EQTFNalUwTVZvd0ZURVRNQkVHQTFVRQpBeE1LYTNWaVpYSnVaWFJsY3pDQ0FTSXdEUVlKS29aSWh2Y05BUUVCQlFBRGdnRVBBRENDQVFvQ2dnRUJBTDYvCkNRanhnSEpURDV2M1ZhYXJEV3cwaytxK2M3ZCttNk5ncWMrNHlsT3MxNnROYk5Ybmt1TjhMTmlvcXpPazlrSkQKMlEyV29QUkFnQWJpOGRjeEJTNmFmdnlvNWh2YUxTZVFiSlYrUytjODljblJOMTVsU2N4eHZ4Si8zZEczU3VYSApsRG13RnZGdG93Q2FZSklPOFE0citQT1FIZnVOMUlQSXFLdERkNHZvcEh3YXZESGpGcjVGMFRETnNxY3JaSTg4CjliWHo4ZHlFZ3FHdmMyeEVZRnBpejhBT1Q0TU0wcFRMV3UvdExYbGJzK2I5TVZlZlR3bkZjOFlyRExjVkpXRXoKZXRYbEdSUnRhRHZmTW1YQitFOWVld2IzTXJOS2h0RElKS1ovYzRhSFA5STE5WE1wU0k4MXU5U2crZ1lGK1BKNQp6QzRTWlYzQUxLWTBjUnoyOG1jQ0F3RUFBYU5aTUZjd0RnWURWUjBQQVFIL0JBUURBZ0trTUE4R0ExVWRFd0VCCi93UUZNQU1CQWY4d0hRWURWUjBPQkJZRUZJeEM4SnFYVmEwamZTOHBPblU4VFRwK0ZmMW5NQlVHQTFVZEVRUU8KTUF5Q0NtdDFZbVZ5Ym1WMFpYTXdEUVlKS29aSWh2Y05BUUVMQlFBRGdnRUJBQ2ZvTGo4T0NMdHV1TERSQ0lsVAprNFVURHkxQ3ZsVW9KZzhGNjJKSldiVmI5ZExLT3dzallWTkVJc3kzdHdaVThkNkhUUklISXJqSUpUM0IwN01WCmdmalQrT2ZweWJuMEJrcnZqcVBsUnNkSlJscEVLSW5tREtJc3E5Q3RJWXhRNXdtd3lsSjhOMVppVUJhNHJYWFEKM1NmdkhkaHJrVzZqYjVPUVNDYWhBeEVkUnViaWhrbU9GWE1DQlRZN1V0c21JUXRQMytiRmZLcXF6V0lMQ25xOApXNWxOWTZQcTEyb2JXV2NwaHlyaDhxbHgwRkZqZ2VkelozZVhVQWt5QTJkcU12SUN4YUxtYURnQ0xMOVRIaFVJCmNJamFWMmZGSXp6S3J6TjlJZUxmY2hWWWRtVlAwOXpEMVRMS05pRmdKdGJQQXZYcTE2blJCdks4eWVBcUtLa3MKV1NRPQotLS0tLUVORCBDRVJUSUZJQ0FURS0tLS0tCg=="
              }
            ],
            "created_at": "2023-04-07 05:21:09.081 +0000 UTC",
            "enabled_cluster_log_types": [],
            "encryption_config": [],
            "endpoint": "https://B90D7778DA62A94D8D3E1EFE9DE25167.gr7.ap-south-1.eks.amazonaws.com",
            "id": "happystays-eks-cluster",
            "identity": [
              {
                "oidc": [
                  {
                    "issuer": "https://oidc.eks.ap-south-1.amazonaws.com/id/B90D7778DA62A94D8D3E1EFE9DE25167"
                  }
                ]
              }
            ],
            "kubernetes_network_config": [
              {
                "ip_family": "ipv4",
                "service_ipv4_cidr": "172.20.0.0/16"
              }
            ],
            "name": "happystays-eks-cluster",
            "platform_version": "eks.2",
            "role_arn": "arn:aws:iam::306472407007:role/happystays-eks-role",
            "status": "ACTIVE",
            "tags": {},
            "tags_all": {
              "CostCenter": "CDx",
              "Environment": "RnD",
              "Name": "HappyStays",
              "Project": "Skillset"
            },
            "timeouts": null,
            "version": "1.25",
            "vpc_config": [
              {
                "cluster_security_group_id": "sg-0c71b173e2899c4c4",
                "endpoint_private_access": false,
                "endpoint_public_access": true,
                "public_access_cidrs": [
                  "0.0.0.0/0"
                ],
                "security_group_ids": [],
                "subnet_ids": [
                  "subnet-02dd41ebb55564c30",
                  "subnet-0a4380a9072b85578",
                  "subnet-0e29d2ff5e924b4fb",
                  "subnet-e47c3b8c"
                ],
                "vpc_id": "vpc-946c32fc"
              }
            ]
          },
          "sensitive_attributes": [],
          "private": "eyJlMmJmYjczMC1lY2FhLTExZTYtOGY4OC0zNDM2M2JjN2M0YzAiOnsiY3JlYXRlIjoxODAwMDAwMDAwMDAwLCJkZWxldGUiOjkwMDAwMDAwMDAwMCwidXBkYXRlIjozNjAwMDAwMDAwMDAwfX0=",
          "dependencies": [
            "aws_iam_role.eks-iam-role"
          ]
        }
      ]
    },
    {
      "mode": "managed",
      "type": "aws_eks_node_group",
      "name": "worker-node-group",
      "provider": "provider[\"registry.terraform.io/hashicorp/aws\"]",
      "instances": [
        {
          "schema_version": 0,
          "attributes": {
            "ami_type": "AL2_x86_64",
            "arn": "arn:aws:eks:ap-south-1:306472407007:nodegroup/happystays-eks-cluster/happystays-eks-node-group/64c3ad19-e4ea-9bda-2b3a-bbb751ea20d8",
            "capacity_type": "ON_DEMAND",
            "cluster_name": "happystays-eks-cluster",
            "disk_size": 20,
            "force_update_version": null,
            "id": "happystays-eks-cluster:happystays-eks-node-group",
            "instance_types": [
              "t2.small"
            ],
            "labels": null,
            "launch_template": [],
            "node_group_name": "happystays-eks-node-group",
            "node_group_name_prefix": "",
            "node_role_arn": "arn:aws:iam::306472407007:role/happystays-eks-node-group",
            "release_version": "1.25.7-20230322",
            "remote_access": [],
            "resources": [
              {
                "autoscaling_groups": [
                  {
                    "name": "eks-happystays-eks-node-group-64c3ad19-e4ea-9bda-2b3a-bbb751ea20d8"
                  }
                ],
                "remote_access_security_group_id": ""
              }
            ],
            "scaling_config": [
              {
                "desired_size": 1,
                "max_size": 2,
                "min_size": 1
              }
            ],
            "status": "ACTIVE",
            "subnet_ids": [
              "subnet-02dd41ebb55564c30",
              "subnet-e47c3b8c"
            ],
            "tags": null,
            "tags_all": {
              "CostCenter": "CDx",
              "Environment": "RnD",
              "Name": "HappyStays",
              "Project": "Skillset"
            },
            "taint": [],
            "timeouts": null,
            "update_config": [
              {
                "max_unavailable": 1,
                "max_unavailable_percentage": 0
              }
            ],
            "version": "1.25"
          },
          "sensitive_attributes": [],
          "private": "eyJlMmJmYjczMC1lY2FhLTExZTYtOGY4OC0zNDM2M2JjN2M0YzAiOnsiY3JlYXRlIjozNjAwMDAwMDAwMDAwLCJkZWxldGUiOjM2MDAwMDAwMDAwMDAsInVwZGF0ZSI6MzYwMDAwMDAwMDAwMH19",
          "dependencies": [
            "aws_eks_cluster.happystays-eks-cluster",
            "aws_iam_role.happystays-workernodes",
            "aws_iam_role_policy_attachment.AmazonDynamoDBFullAccess",
            "aws_iam_role_policy_attachment.AmazonEC2ContainerRegistryReadOnly",
            "aws_iam_role_policy_attachment.AmazonEKSWorkerNodePolicy",
            "aws_iam_role_policy_attachment.AmazonEKS_CNI_Policy",
            "aws_iam_role_policy_attachment.AmazonRDSFullAccess",
            "aws_iam_role_policy_attachment.EC2InstanceProfileForImageBuilderECRContainerBuilds"
          ]
        }
      ]
    },
    {
      "mode": "managed",
      "type": "aws_iam_role",
      "name": "eks-iam-role",
      "provider": "provider[\"registry.terraform.io/hashicorp/aws\"]",
      "instances": [
        {
          "schema_version": 0,
          "attributes": {
            "arn": "arn:aws:iam::306472407007:role/happystays-eks-role",
            "assume_role_policy": "{\"Version\":\"2012-10-17\",\"Statement\":[{\"Effect\":\"Allow\",\"Principal\":{\"Service\":\"eks.amazonaws.com\"},\"Action\":\"sts:AssumeRole\"}]}",
            "create_date": "2023-03-27T10:27:05Z",
            "description": "",
            "force_detach_policies": false,
            "id": "happystays-eks-role",
            "inline_policy": [
              {
                "name": "",
                "policy": ""
              }
            ],
            "managed_policy_arns": [
              "arn:aws:iam::aws:policy/AmazonEC2ContainerRegistryReadOnly",
              "arn:aws:iam::aws:policy/AmazonEKSClusterPolicy"
            ],
            "max_session_duration": 3600,
            "name": "happystays-eks-role",
            "name_prefix": "",
            "path": "/",
            "permissions_boundary": null,
            "tags": {},
            "tags_all": {
              "CostCenter": "CDx",
              "Environment": "RnD",
              "Name": "HappyStays",
              "Project": "Skillset"
            },
            "unique_id": "AROAUOWZNZ7PU2YTSFAUJ"
          },
          "sensitive_attributes": [],
          "private": "bnVsbA=="
        }
      ]
    },
    {
      "mode": "managed",
      "type": "aws_iam_role",
      "name": "happystays-workernodes",
      "provider": "provider[\"registry.terraform.io/hashicorp/aws\"]",
      "instances": [
        {
          "schema_version": 0,
          "attributes": {
            "arn": "arn:aws:iam::306472407007:role/happystays-eks-node-group",
            "assume_role_policy": "{\"Version\":\"2012-10-17\",\"Statement\":[{\"Effect\":\"Allow\",\"Principal\":{\"Service\":\"ec2.amazonaws.com\"},\"Action\":\"sts:AssumeRole\"}]}",
            "create_date": "2023-03-27T10:27:05Z",
            "description": "",
            "force_detach_policies": false,
            "id": "happystays-eks-node-group",
            "inline_policy": [
              {
                "name": "",
                "policy": ""
              }
            ],
            "managed_policy_arns": [
              "arn:aws:iam::aws:policy/AmazonDynamoDBFullAccess",
              "arn:aws:iam::aws:policy/AmazonEC2ContainerRegistryReadOnly",
              "arn:aws:iam::aws:policy/AmazonEKSWorkerNodePolicy",
              "arn:aws:iam::aws:policy/AmazonEKS_CNI_Policy",
              "arn:aws:iam::aws:policy/AmazonRDSFullAccess",
              "arn:aws:iam::aws:policy/EC2InstanceProfileForImageBuilderECRContainerBuilds"
            ],
            "max_session_duration": 3600,
            "name": "happystays-eks-node-group",
            "name_prefix": "",
            "path": "/",
            "permissions_boundary": null,
            "tags": {},
            "tags_all": {
              "CostCenter": "CDx",
              "Environment": "RnD",
              "Name": "HappyStays",
              "Project": "Skillset"
            },
            "unique_id": "AROAUOWZNZ7PXAJMWQCX2"
          },
          "sensitive_attributes": [],
          "private": "bnVsbA=="
        }
      ]
    },
    {
      "mode": "managed",
      "type": "aws_iam_role_policy_attachment",
      "name": "AmazonDynamoDBFullAccess",
      "provider": "provider[\"registry.terraform.io/hashicorp/aws\"]",
      "instances": [
        {
          "schema_version": 0,
          "attributes": {
            "id": "happystays-eks-node-group-20230327102707353800000002",
            "policy_arn": "arn:aws:iam::aws:policy/AmazonDynamoDBFullAccess",
            "role": "happystays-eks-node-group"
          },
          "sensitive_attributes": [],
          "private": "bnVsbA==",
          "dependencies": [
            "aws_iam_role.happystays-workernodes"
          ]
        }
      ]
    },
    {
      "mode": "managed",
      "type": "aws_iam_role_policy_attachment",
      "name": "AmazonEC2ContainerRegistryReadOnly",
      "provider": "provider[\"registry.terraform.io/hashicorp/aws\"]",
      "instances": [
        {
          "schema_version": 0,
          "attributes": {
            "id": "happystays-eks-node-group-20230327102707577500000003",
            "policy_arn": "arn:aws:iam::aws:policy/AmazonEC2ContainerRegistryReadOnly",
            "role": "happystays-eks-node-group"
          },
          "sensitive_attributes": [],
          "private": "bnVsbA==",
          "dependencies": [
            "aws_iam_role.happystays-workernodes"
          ]
        }
      ]
    },
    {
      "mode": "managed",
      "type": "aws_iam_role_policy_attachment",
      "name": "AmazonEC2ContainerRegistryReadOnly-EKS",
      "provider": "provider[\"registry.terraform.io/hashicorp/aws\"]",
      "instances": [
        {
          "schema_version": 0,
          "attributes": {
            "id": "happystays-eks-role-20230327102707924600000008",
            "policy_arn": "arn:aws:iam::aws:policy/AmazonEC2ContainerRegistryReadOnly",
            "role": "happystays-eks-role"
          },
          "sensitive_attributes": [],
          "private": "bnVsbA==",
          "dependencies": [
            "aws_iam_role.eks-iam-role"
          ]
        }
      ]
    },
    {
      "mode": "managed",
      "type": "aws_iam_role_policy_attachment",
      "name": "AmazonEKSClusterPolicy",
      "provider": "provider[\"registry.terraform.io/hashicorp/aws\"]",
      "instances": [
        {
          "schema_version": 0,
          "attributes": {
            "id": "happystays-eks-role-20230327102707907400000007",
            "policy_arn": "arn:aws:iam::aws:policy/AmazonEKSClusterPolicy",
            "role": "happystays-eks-role"
          },
          "sensitive_attributes": [],
          "private": "bnVsbA==",
          "dependencies": [
            "aws_iam_role.eks-iam-role"
          ]
        }
      ]
    },
    {
      "mode": "managed",
      "type": "aws_iam_role_policy_attachment",
      "name": "AmazonEKSWorkerNodePolicy",
      "provider": "provider[\"registry.terraform.io/hashicorp/aws\"]",
      "instances": [
        {
          "schema_version": 0,
          "attributes": {
            "id": "happystays-eks-node-group-20230327102707603600000004",
            "policy_arn": "arn:aws:iam::aws:policy/AmazonEKSWorkerNodePolicy",
            "role": "happystays-eks-node-group"
          },
          "sensitive_attributes": [],
          "private": "bnVsbA==",
          "dependencies": [
            "aws_iam_role.happystays-workernodes"
          ]
        }
      ]
    },
    {
      "mode": "managed",
      "type": "aws_iam_role_policy_attachment",
      "name": "AmazonEKS_CNI_Policy",
      "provider": "provider[\"registry.terraform.io/hashicorp/aws\"]",
      "instances": [
        {
          "schema_version": 0,
          "attributes": {
            "id": "happystays-eks-node-group-20230327102707806200000005",
            "policy_arn": "arn:aws:iam::aws:policy/AmazonEKS_CNI_Policy",
            "role": "happystays-eks-node-group"
          },
          "sensitive_attributes": [],
          "private": "bnVsbA==",
          "dependencies": [
            "aws_iam_role.happystays-workernodes"
          ]
        }
      ]
    },
    {
      "mode": "managed",
      "type": "aws_iam_role_policy_attachment",
      "name": "AmazonRDSFullAccess",
      "provider": "provider[\"registry.terraform.io/hashicorp/aws\"]",
      "instances": [
        {
          "schema_version": 0,
          "attributes": {
            "id": "happystays-eks-node-group-20230327102707844600000006",
            "policy_arn": "arn:aws:iam::aws:policy/AmazonRDSFullAccess",
            "role": "happystays-eks-node-group"
          },
          "sensitive_attributes": [],
          "private": "bnVsbA==",
          "dependencies": [
            "aws_iam_role.happystays-workernodes"
          ]
        }
      ]
    },
    {
      "mode": "managed",
      "type": "aws_iam_role_policy_attachment",
      "name": "EC2InstanceProfileForImageBuilderECRContainerBuilds",
      "provider": "provider[\"registry.terraform.io/hashicorp/aws\"]",
      "instances": [
        {
          "schema_version": 0,
          "attributes": {
            "id": "happystays-eks-node-group-20230327102707351200000001",
            "policy_arn": "arn:aws:iam::aws:policy/EC2InstanceProfileForImageBuilderECRContainerBuilds",
            "role": "happystays-eks-node-group"
          },
          "sensitive_attributes": [],
          "private": "bnVsbA==",
          "dependencies": [
            "aws_iam_role.happystays-workernodes"
          ]
        }
      ]
    }
  ],
  "check_results": null
}
